
Microsoft Visual Studio Solution File, Format Version 12.00
# Visual Studio 15
VisualStudioVersion = 15.0.26730.8
MinimumVisualStudioVersion = 10.0.40219.1
Project("{E24C65DC-7377-472B-9ABA-BC803B73C61A}") = "SarEngine2D", ".", "{A8264FC6-545A-4CB5-A652-06B5B364B3A9}"
	ProjectSection(WebsiteProperties) = preProject
		TargetFrameworkMoniker = ".NETFramework,Version%3Dv4.0"
		Debug.AspNetCompiler.VirtualPath = "/localhost_11762"
		Debug.AspNetCompiler.PhysicalPath = "..\SarEngine2D\"
		Debug.AspNetCompiler.TargetPath = "PrecompiledWeb\localhost_11762\"
		Debug.AspNetCompiler.Updateable = "true"
		Debug.AspNetCompiler.ForceOverwrite = "true"
		Debug.AspNetCompiler.FixedNames = "false"
		Debug.AspNetCompiler.Debug = "True"
		Release.AspNetCompiler.VirtualPath = "/localhost_11762"
		Release.AspNetCompiler.PhysicalPath = "..\SarEngine2D\"
		Release.AspNetCompiler.TargetPath = "PrecompiledWeb\localhost_11762\"
		Release.AspNetCompiler.Updateable = "true"
		Release.AspNetCompiler.ForceOverwrite = "true"
		Release.AspNetCompiler.FixedNames = "false"
		Release.AspNetCompiler.Debug = "False"
		VWDPort = "11762"
		SlnRelativePath = "..\SarEngine2D\"
	EndProjectSection
EndProject
Global
	GlobalSection(SolutionConfigurationPlatforms) = preSolution
		Debug|Any CPU = Debug|Any CPU
	EndGlobalSection
	GlobalSection(ProjectConfigurationPlatforms) = postSolution
		{A8264FC6-545A-4CB5-A652-06B5B364B3A9}.Debug|Any CPU.ActiveCfg = Debug|Any CPU
		{A8264FC6-545A-4CB5-A652-06B5B364B3A9}.Debug|Any CPU.Build.0 = Debug|Any CPU
	EndGlobalSection
	GlobalSection(SolutionProperties) = preSolution
		HideSolutionNode = FALSE
	EndGlobalSection
	GlobalSection(ExtensibilityGlobals) = postSolution
		SolutionGuid = {668D26A5-F311-431A-AC29-B06DE01713A7}
	EndGlobalSection
EndGlobal
